// !$*UTF8*$!
{
	archiveVersion = 1;
	classes = {
	};
	objectVersion = 70;
	objects = {

/* Begin PBXBuildFile section */
		A0000000000000000000001B /* RoamControlLiveActivity.appex in Embed Foundation Extensions */ = {isa = PBXBuildFile; fileRef = A00000000000000000000010 /* RoamControlLiveActivity.appex */; settings = {ATTRIBUTES = (RemoveHeadersOnCopy, ); }; };
		A10000000000000000000001 /* Frameworks/RoamPairingFFI.xcframework in Frameworks */ = {isa = PBXBuildFile; fileRef = A10000000000000000000002 /* Frameworks/RoamPairingFFI.xcframework */; };
		A3000000000000000000000B /* RoamControlWatch.app in Embed Watch Content */ = {isa = PBXBuildFile; fileRef = A30000000000000000000001 /* RoamControlWatch.app */; settings = {ATTRIBUTES = (RemoveHeadersOnCopy, ); }; };
/* End PBXBuildFile section */

/* Begin PBXContainerItemProxy section */
		A0000000000000000000001D /* PBXContainerItemProxy */ = {
			isa = PBXContainerItemProxy;
			containerPortal = A0000000000000000000000A /* Project object */;
			proxyType = 1;
			remoteGlobalIDString = A00000000000000000000011;
			remoteInfo = RoamControlLiveActivity;
		};
		A3000000000000000000000D /* PBXContainerItemProxy */ = {
			isa = PBXContainerItemProxy;
			containerPortal = A0000000000000000000000A /* Project object */;
			proxyType = 1;
			remoteGlobalIDString = A30000000000000000000003;
			remoteInfo = RoamControlWatch;
		};
/* End PBXContainerItemProxy section */

/* Begin PBXCopyFilesBuildPhase section */
		A0000000000000000000001A /* Embed Foundation Extensions */ = {
			isa = PBXCopyFilesBuildPhase;
			buildActionMask = 2147483647;
			dstPath = "";
			dstSubfolderSpec = 13;
			files = (
				A0000000000000000000001B /* RoamControlLiveActivity.appex in Embed Foundation Extensions */,
			);
			name = "Embed Foundation Extensions";
			runOnlyForDeploymentPostprocessing = 0;
		};
		A3000000000000000000000A /* Embed Watch Content */ = {
			isa = PBXCopyFilesBuildPhase;
			buildActionMask = 2147483647;
			dstPath = "$(CONTENTS_FOLDER_PATH)/Watch";
			dstSubfolderSpec = 16;
			files = (
				A3000000000000000000000B /* RoamControlWatch.app in Embed Watch Content */,
			);
			name = "Embed Watch Content";
			runOnlyForDeploymentPostprocessing = 0;
		};
/* End PBXCopyFilesBuildPhase section */

/* Begin PBXFileReference section */
		A00000000000000000000001 /* RoamControl.app */ = {isa = PBXFileReference; explicitFileType = wrapper.application; includeInIndex = 0; path = RoamControl.app; sourceTree = BUILT_PRODUCTS_DIR; };
		A00000000000000000000010 /* RoamControlLiveActivity.appex */ = {isa = PBXFileReference; explicitFileType = "wrapper.app-extension"; includeInIndex = 0; path = RoamControlLiveActivity.appex; sourceTree = BUILT_PRODUCTS_DIR; };
		A10000000000000000000002 /* Frameworks/RoamPairingFFI.xcframework */ = {isa = PBXFileReference; explicitFileType = wrapper.xcframework; path = Frameworks/RoamPairingFFI.xcframework; sourceTree = "<group>"; };
		A20000000000000000000001 /* Configuration/Local.xcconfig */ = {isa = PBXFileReference; lastKnownFileType = text.xcconfig; path = Configuration/Local.xcconfig; sourceTree = "<group>"; };
		A30000000000000000000001 /* RoamControlWatch.app */ = {isa = PBXFileReference; explicitFileType = wrapper.application; includeInIndex = 0; path = RoamControlWatch.app; sourceTree = BUILT_PRODUCTS_DIR; };
/* End PBXFileReference section */

/* Begin PBXFileSystemSynchronizedRootGroup section */
		A00000000000000000000002 /* RoamControl */ = {isa = PBXFileSystemSynchronizedRootGroup; explicitFileTypes = {}; explicitFolders = (); path = RoamControl; sourceTree = "<group>"; };
		A00000000000000000000018 /* RoamControlLiveActivity */ = {isa = PBXFileSystemSynchronizedRootGroup; explicitFileTypes = {}; explicitFolders = (); path = RoamControlLiveActivity; sourceTree = "<group>"; };
		A00000000000000000000019 /* RoamControlShared */ = {isa = PBXFileSystemSynchronizedRootGroup; explicitFileTypes = {}; explicitFolders = (); path = RoamControlShared; sourceTree = "<group>"; };
		A30000000000000000000002 /* RoamControlWatch */ = {isa = PBXFileSystemSynchronizedRootGroup; explicitFileTypes = {}; explicitFolders = (); path = RoamControlWatch; sourceTree = "<group>"; };
/* End PBXFileSystemSynchronizedRootGroup section */

/* Begin PBXFrameworksBuildPhase section */
		A00000000000000000000003 /* Frameworks */ = {
			isa = PBXFrameworksBuildPhase;
			buildActionMask = 2147483647;
			files = (
				A10000000000000000000001 /* Frameworks/RoamPairingFFI.xcframework in Frameworks */,
			);
			runOnlyForDeploymentPostprocessing = 0;
		};
		A00000000000000000000013 /* Frameworks */ = {
			isa = PBXFrameworksBuildPhase;
			buildActionMask = 2147483647;
			files = (
			);
			runOnlyForDeploymentPostprocessing = 0;
		};
		A30000000000000000000008 /* Frameworks */ = {
			isa = PBXFrameworksBuildPhase;
			buildActionMask = 2147483647;
			files = (
			);
			runOnlyForDeploymentPostprocessing = 0;
		};
/* End PBXFrameworksBuildPhase section */

/* Begin PBXGroup section */
		A00000000000000000000004 = {
			isa = PBXGroup;
			children = (
				A00000000000000000000002 /* RoamControl */,
				A00000000000000000000019 /* RoamControlShared */,
				A00000000000000000000018 /* RoamControlLiveActivity */,
				A30000000000000000000002 /* RoamControlWatch */,
				A20000000000000000000001 /* Configuration/Local.xcconfig */,
				A10000000000000000000002 /* Frameworks/RoamPairingFFI.xcframework */,
				A00000000000000000000005 /* Products */,
			);
			sourceTree = "<group>";
		};
		A00000000000000000000005 /* Products */ = {
			isa = PBXGroup;
			children = (
				A00000000000000000000001 /* RoamControl.app */,
				A00000000000000000000010 /* RoamControlLiveActivity.appex */,
				A30000000000000000000001 /* RoamControlWatch.app */,
			);
			name = Products;
			sourceTree = "<group>";
		};
/* End PBXGroup section */

/* Begin PBXNativeTarget section */
		A00000000000000000000006 /* RoamControl */ = {
			isa = PBXNativeTarget;
			buildConfigurationList = A00000000000000000000007 /* Build configuration list for PBXNativeTarget "RoamControl" */;
			buildPhases = (
				A00000000000000000000008 /* Sources */,
				A00000000000000000000003 /* Frameworks */,
				A00000000000000000000009 /* Resources */,
				A0000000000000000000001A /* Embed Foundation Extensions */,
				A3000000000000000000000A /* Embed Watch Content */,
			);
			buildRules = (
			);
			dependencies = (
				A0000000000000000000001C /* PBXTargetDependency */,
				A3000000000000000000000C /* PBXTargetDependency */,
			);
			fileSystemSynchronizedGroups = (
				A00000000000000000000002 /* RoamControl */,
				A00000000000000000000019 /* RoamControlShared */,
			);
			name = RoamControl;
			productName = RoamControl;
			productReference = A00000000000000000000001 /* RoamControl.app */;
			productType = "com.apple.product-type.application";
		};
		A00000000000000000000011 /* RoamControlLiveActivity */ = {
			isa = PBXNativeTarget;
			buildConfigurationList = A00000000000000000000015 /* Build configuration list for PBXNativeTarget "RoamControlLiveActivity" */;
			buildPhases = (
				A00000000000000000000012 /* Sources */,
				A00000000000000000000013 /* Frameworks */,
				A00000000000000000000014 /* Resources */,
			);
			buildRules = (
			);
			dependencies = (
			);
			fileSystemSynchronizedGroups = (
				A00000000000000000000018 /* RoamControlLiveActivity */,
				A00000000000000000000019 /* RoamControlShared */,
			);
			name = RoamControlLiveActivity;
			productName = RoamControlLiveActivity;
			productReference = A00000000000000000000010 /* RoamControlLiveActivity.appex */;
			productType = "com.apple.product-type.app-extension";
		};
		A30000000000000000000003 /* RoamControlWatch */ = {
			isa = PBXNativeTarget;
			buildConfigurationList = A30000000000000000000004 /* Build configuration list for PBXNativeTarget "RoamControlWatch" */;
			buildPhases = (
				A30000000000000000000007 /* Sources */,
				A30000000000000000000008 /* Frameworks */,
				A30000000000000000000009 /* Resources */,
			);
			buildRules = (
			);
			dependencies = (
			);
			fileSystemSynchronizedGroups = (
				A00000000000000000000019 /* RoamControlShared */,
				A30000000000000000000002 /* RoamControlWatch */,
			);
			name = RoamControlWatch;
			productName = RoamControlWatch;
			productReference = A30000000000000000000001 /* RoamControlWatch.app */;
			productType = "com.apple.product-type.application";
		};
/* End PBXNativeTarget section */

/* Begin PBXProject section */
		A0000000000000000000000A /* Project object */ = {
			isa = PBXProject;
			attributes = {
				BuildIndependentTargetsInParallel = 1;
				LastSwiftUpdateCheck = 1600;
				LastUpgradeCheck = 1600;
				TargetAttributes = {
					A00000000000000000000006 = {
						CreatedOnToolsVersion = 16.0;
					};
					A00000000000000000000011 = {
						CreatedOnToolsVersion = 16.0;
					};
					A30000000000000000000003 = {
						CreatedOnToolsVersion = 16.0;
					};
				};
			};
			buildConfigurationList = A0000000000000000000000B /* Build configuration list for PBXProject "RoamControl" */;
			compatibilityVersion = "Xcode 14.0";
			developmentRegion = en;
			hasScannedForEncodings = 0;
			knownRegions = (
				en,
				Base,
				"zh-Hant",
			);
			mainGroup = A00000000000000000000004;
			productRefGroup = A00000000000000000000005 /* Products */;
			projectDirPath = "";
			projectRoot = "";
			targets = (
				A00000000000000000000006 /* RoamControl */,
				A00000000000000000000011 /* RoamControlLiveActivity */,
				A30000000000000000000003 /* RoamControlWatch */,
			);
		};
/* End PBXProject section */

/* Begin PBXResourcesBuildPhase section */
		A00000000000000000000009 /* Resources */ = {
			isa = PBXResourcesBuildPhase;
			buildActionMask = 2147483647;
			files = (
			);
			runOnlyForDeploymentPostprocessing = 0;
		};
		A00000000000000000000014 /* Resources */ = {
			isa = PBXResourcesBuildPhase;
			buildActionMask = 2147483647;
			files = (
			);
			runOnlyForDeploymentPostprocessing = 0;
		};
		A30000000000000000000009 /* Resources */ = {
			isa = PBXResourcesBuildPhase;
			buildActionMask = 2147483647;
			files = (
			);
			runOnlyForDeploymentPostprocessing = 0;
		};
/* End PBXResourcesBuildPhase section */

/* Begin PBXSourcesBuildPhase section */
		A00000000000000000000008 /* Sources */ = {
			isa = PBXSourcesBuildPhase;
			buildActionMask = 2147483647;
			files = (
			);
			runOnlyForDeploymentPostprocessing = 0;
		};
		A00000000000000000000012 /* Sources */ = {
			isa = PBXSourcesBuildPhase;
			buildActionMask = 2147483647;
			files = (
			);
			runOnlyForDeploymentPostprocessing = 0;
		};
		A30000000000000000000007 /* Sources */ = {
			isa = PBXSourcesBuildPhase;
			buildActionMask = 2147483647;
			files = (
			);
			runOnlyForDeploymentPostprocessing = 0;
		};
/* End PBXSourcesBuildPhase section */

/* Begin PBXTargetDependency section */
		A0000000000000000000001C /* PBXTargetDependency */ = {
			isa = PBXTargetDependency;
			target = A00000000000000000000011 /* RoamControlLiveActivity */;
			targetProxy = A0000000000000000000001D /* PBXContainerItemProxy */;
		};
		A3000000000000000000000C /* PBXTargetDependency */ = {
			isa = PBXTargetDependency;
			target = A30000000000000000000003 /* RoamControlWatch */;
			targetProxy = A3000000000000000000000D /* PBXContainerItemProxy */;
		};
/* End PBXTargetDependency section */

/* Begin XCBuildConfiguration section */
		A0000000000000000000000C /* Debug */ = {
			isa = XCBuildConfiguration;
			buildSettings = {
				ALWAYS_SEARCH_USER_PATHS = NO;
				CLANG_ENABLE_MODULES = YES;
				CLANG_ENABLE_OBJC_ARC = YES;
				DEBUG_INFORMATION_FORMAT = dwarf;
				ENABLE_STRICT_OBJC_MSGSEND = YES;
				GCC_C_LANGUAGE_STANDARD = gnu17;
				GCC_OPTIMIZATION_LEVEL = 0;
				GCC_PREPROCESSOR_DEFINITIONS = (
					"DEBUG=1",
					"$(inherited)",
				);
				IPHONEOS_DEPLOYMENT_TARGET = 27.0;
				MTL_ENABLE_DEBUG_INFO = INCLUDE_SOURCE;
				ONLY_ACTIVE_ARCH = YES;
				OTHER_SWIFT_FLAGS = "$(inherited) -Xfrontend -warn-long-function-bodies=250 -Xfrontend -warn-long-expression-type-checking=250";
				SDKROOT = iphoneos;
				SWIFT_ACTIVE_COMPILATION_CONDITIONS = "DEBUG $(inherited)";
				SWIFT_OPTIMIZATION_LEVEL = "-Onone";
			};
			name = Debug;
		};
		A0000000000000000000000D /* Release */ = {
			isa = XCBuildConfiguration;
			buildSettings = {
				ALWAYS_SEARCH_USER_PATHS = NO;
				CLANG_ENABLE_MODULES = YES;
				CLANG_ENABLE_OBJC_ARC = YES;
				DEBUG_INFORMATION_FORMAT = "dwarf-with-dsym";
				ENABLE_NS_ASSERTIONS = NO;
				GCC_C_LANGUAGE_STANDARD = gnu17;
				IPHONEOS_DEPLOYMENT_TARGET = 27.0;
				SDKROOT = iphoneos;
				SWIFT_COMPILATION_MODE = wholemodule;
				SWIFT_OPTIMIZATION_LEVEL = "-O";
				VALIDATE_PRODUCT = YES;
			};
			name = Release;
		};
		A0000000000000000000000E /* Debug */ = {
			isa = XCBuildConfiguration;
			baseConfigurationReference = A20000000000000000000001 /* Configuration/Local.xcconfig */;
			buildSettings = {
				ASSETCATALOG_COMPILER_APPICON_NAME = AppIcon;
				ASSETCATALOG_COMPILER_GLOBAL_ACCENT_COLOR_NAME = AccentColor;
				CODE_SIGN_STYLE = Automatic;
				CURRENT_PROJECT_VERSION = 63;
				"EXCLUDED_ARCHS[sdk=iphonesimulator*]" = x86_64;
				GENERATE_INFOPLIST_FILE = NO;
				INFOPLIST_FILE = "Configuration/RoamControl-Info.plist";
				IPHONEOS_DEPLOYMENT_TARGET = 27.0;
				MARKETING_VERSION = 0.10.0;
				PRODUCT_BUNDLE_IDENTIFIER = "$(ROAMCONTROL_BUNDLE_ID)";
				PRODUCT_NAME = "$(TARGET_NAME)";
				ROAMCONTROL_BUILD_TIMESTAMP = "2026-09-14T20:11:19Z";
				SUPPORTED_PLATFORMS = "iphoneos iphonesimulator";
				SUPPORTS_MACCATALYST = NO;
				SWIFT_EMIT_LOC_STRINGS = YES;
				SWIFT_VERSION = 5.0;
				TARGETED_DEVICE_FAMILY = 1;
				VERSIONING_SYSTEM = "apple-generic";
			};
			name = Debug;
		};
		A0000000000000000000000F /* Release */ = {
			isa = XCBuildConfiguration;
			baseConfigurationReference = A20000000000000000000001 /* Configuration/Local.xcconfig */;
			buildSettings = {
				ASSETCATALOG_COMPILER_APPICON_NAME = AppIcon;
				ASSETCATALOG_COMPILER_GLOBAL_ACCENT_COLOR_NAME = AccentColor;
				CODE_SIGN_STYLE = Automatic;
				CURRENT_PROJECT_VERSION = 63;
				"EXCLUDED_ARCHS[sdk=iphonesimulator*]" = x86_64;
				GENERATE_INFOPLIST_FILE = NO;
				INFOPLIST_FILE = "Configuration/RoamControl-Info.plist";
				IPHONEOS_DEPLOYMENT_TARGET = 27.0;
				MARKETING_VERSION = 0.10.0;
				PRODUCT_BUNDLE_IDENTIFIER = "$(ROAMCONTROL_BUNDLE_ID)";
				PRODUCT_NAME = "$(TARGET_NAME)";
				ROAMCONTROL_BUILD_TIMESTAMP = "2026-09-14T20:11:19Z";
				SUPPORTED_PLATFORMS = "iphoneos iphonesimulator";
				SUPPORTS_MACCATALYST = NO;
				SWIFT_EMIT_LOC_STRINGS = YES;
				SWIFT_VERSION = 5.0;
				TARGETED_DEVICE_FAMILY = 1;
				VERSIONING_SYSTEM = "apple-generic";
			};
			name = Release;
		};
		A00000000000000000000016 /* Debug */ = {
			isa = XCBuildConfiguration;
			baseConfigurationReference = A20000000000000000000001 /* Configuration/Local.xcconfig */;
			buildSettings = {
				CODE_SIGN_STYLE = Automatic;
				CURRENT_PROJECT_VERSION = 63;
				"EXCLUDED_ARCHS[sdk=iphonesimulator*]" = x86_64;
				GENERATE_INFOPLIST_FILE = NO;
				INFOPLIST_FILE = "Configuration/RoamControlLiveActivity-Info.plist";
				IPHONEOS_DEPLOYMENT_TARGET = 27.0;
				LD_RUNPATH_SEARCH_PATHS = (
					"$(inherited)",
					"@executable_path/Frameworks",
					"@executable_path/../../Frameworks",
				);
				MARKETING_VERSION = 0.10.0;
				PRODUCT_BUNDLE_IDENTIFIER = "$(ROAMCONTROL_BUNDLE_ID).LiveActivity";
				PRODUCT_NAME = "$(TARGET_NAME)";
				SKIP_INSTALL = YES;
				SUPPORTED_PLATFORMS = "iphoneos iphonesimulator";
				SUPPORTS_MACCATALYST = NO;
				SWIFT_EMIT_LOC_STRINGS = YES;
				SWIFT_VERSION = 5.0;
				TARGETED_DEVICE_FAMILY = 1;
				VERSIONING_SYSTEM = "apple-generic";
			};
			name = Debug;
		};
		A00000000000000000000017 /* Release */ = {
			isa = XCBuildConfiguration;
			baseConfigurationReference = A20000000000000000000001 /* Configuration/Local.xcconfig */;
			buildSettings = {
				CODE_SIGN_STYLE = Automatic;
				CURRENT_PROJECT_VERSION = 63;
				"EXCLUDED_ARCHS[sdk=iphonesimulator*]" = x86_64;
				GENERATE_INFOPLIST_FILE = NO;
				INFOPLIST_FILE = "Configuration/RoamControlLiveActivity-Info.plist";
				IPHONEOS_DEPLOYMENT_TARGET = 27.0;
				LD_RUNPATH_SEARCH_PATHS = (
					"$(inherited)",
					"@executable_path/Frameworks",
					"@executable_path/../../Frameworks",
				);
				MARKETING_VERSION = 0.10.0;
				PRODUCT_BUNDLE_IDENTIFIER = "$(ROAMCONTROL_BUNDLE_ID).LiveActivity";
				PRODUCT_NAME = "$(TARGET_NAME)";
				SKIP_INSTALL = YES;
				SUPPORTED_PLATFORMS = "iphoneos iphonesimulator";
				SUPPORTS_MACCATALYST = NO;
				SWIFT_EMIT_LOC_STRINGS = YES;
				SWIFT_VERSION = 5.0;
				TARGETED_DEVICE_FAMILY = 1;
				VERSIONING_SYSTEM = "apple-generic";
			};
			name = Release;
		};
		A30000000000000000000005 /* Debug */ = {
			isa = XCBuildConfiguration;
			baseConfigurationReference = A20000000000000000000001 /* Configuration/Local.xcconfig */;
			buildSettings = {
				ASSETCATALOG_COMPILER_APPICON_NAME = AppIcon;
				CODE_SIGN_STYLE = Automatic;
				CURRENT_PROJECT_VERSION = 63;
				GENERATE_INFOPLIST_FILE = NO;
				INFOPLIST_FILE = "Configuration/RoamControlWatch-Info.plist";
				MARKETING_VERSION = 0.10.0;
				PRODUCT_BUNDLE_IDENTIFIER = "$(ROAMCONTROL_BUNDLE_ID).watchkitapp";
				PRODUCT_NAME = "$(TARGET_NAME)";
				SDKROOT = watchos;
				SKIP_INSTALL = YES;
				SUPPORTED_PLATFORMS = "watchos watchsimulator";
				SWIFT_EMIT_LOC_STRINGS = YES;
				SWIFT_VERSION = 5.0;
				TARGETED_DEVICE_FAMILY = 4;
				VERSIONING_SYSTEM = "apple-generic";
				WATCHOS_DEPLOYMENT_TARGET = 26.0;
			};
			name = Debug;
		};
		A30000000000000000000006 /* Release */ = {
			isa = XCBuildConfiguration;
			baseConfigurationReference = A20000000000000000000001 /* Configuration/Local.xcconfig */;
			buildSettings = {
				ASSETCATALOG_COMPILER_APPICON_NAME = AppIcon;
				CODE_SIGN_STYLE = Automatic;
				CURRENT_PROJECT_VERSION = 63;
				GENERATE_INFOPLIST_FILE = NO;
				INFOPLIST_FILE = "Configuration/RoamControlWatch-Info.plist";
				MARKETING_VERSION = 0.10.0;
				PRODUCT_BUNDLE_IDENTIFIER = "$(ROAMCONTROL_BUNDLE_ID).watchkitapp";
				PRODUCT_NAME = "$(TARGET_NAME)";
				SDKROOT = watchos;
				SKIP_INSTALL = YES;
				SUPPORTED_PLATFORMS = "watchos watchsimulator";
				SWIFT_EMIT_LOC_STRINGS = YES;
				SWIFT_VERSION = 5.0;
				TARGETED_DEVICE_FAMILY = 4;
				VERSIONING_SYSTEM = "apple-generic";
				WATCHOS_DEPLOYMENT_TARGET = 26.0;
			};
			name = Release;
		};
/* End XCBuildConfiguration section */

/* Begin XCConfigurationList section */
		A00000000000000000000007 /* Build configuration list for PBXNativeTarget "RoamControl" */ = {
			isa = XCConfigurationList;
			buildConfigurations = (
				A0000000000000000000000E /* Debug */,
				A0000000000000000000000F /* Release */,
			);
			defaultConfigurationIsVisible = 0;
			defaultConfigurationName = Release;
		};
		A0000000000000000000000B /* Build configuration list for PBXProject "RoamControl" */ = {
			isa = XCConfigurationList;
			buildConfigurations = (
				A0000000000000000000000C /* Debug */,
				A0000000000000000000000D /* Release */,
			);
			defaultConfigurationIsVisible = 0;
			defaultConfigurationName = Release;
		};
		A00000000000000000000015 /* Build configuration list for PBXNativeTarget "RoamControlLiveActivity" */ = {
			isa = XCConfigurationList;
			buildConfigurations = (
				A00000000000000000000016 /* Debug */,
				A00000000000000000000017 /* Release */,
			);
			defaultConfigurationIsVisible = 0;
			defaultConfigurationName = Release;
		};
		A30000000000000000000004 /* Build configuration list for PBXNativeTarget "RoamControlWatch" */ = {
			isa = XCConfigurationList;
			buildConfigurations = (
				A30000000000000000000005 /* Debug */,
				A30000000000000000000006 /* Release */,
			);
			defaultConfigurationIsVisible = 0;
			defaultConfigurationName = Release;
		};
/* End XCConfigurationList section */
	};
	rootObject = A0000000000000000000000A /* Project object */;
}
